
Microsoft Visual Studio Solution File, Format Version 12.00
# Visual Studio 15
VisualStudioVersion = 15.0.26124.0
MinimumVisualStudioVersion = 15.0.26124.0
Project("{2150E333-8FDC-42A3-9474-1A3956D46DE8}") = "Microservices", "Microservices", "{D2C50630-6ADE-45D7-AA47-03892AC7BF76}"
EndProject
Project("{2150E333-8FDC-42A3-9474-1A3956D46DE8}") = "Domain", "Domain", "{ED1FDC3B-C1A3-41A0-9D58-DADF0D7FA889}"
EndProject
Project("{2150E333-8FDC-42A3-9474-1A3956D46DE8}") = "Infra.Bus", "Infra.Bus", "{8C8F57EF-D315-453C-84AF-E9E96601CF08}"
EndProject
Project("{2150E333-8FDC-42A3-9474-1A3956D46DE8}") = "Infra.IoC", "Infra.IoC", "{5314404D-A1CB-4B01-8C6E-191658F6548F}"
EndProject
Project("{2150E333-8FDC-42A3-9474-1A3956D46DE8}") = "Presentation", "Presentation", "{4C6EB14D-3940-481A-8835-F46F5931AAFB}"
EndProject
Project("{FAE04EC0-301F-11D3-BF4B-00C04F79EFBC}") = "MicroRabbit.Domain.Core", "MicroRabbit.Domain.Core\MicroRabbit.Domain.Core.csproj", "{1A9A7FC1-60C8-4059-8DD6-F9A59993CE89}"
EndProject
Project("{FAE04EC0-301F-11D3-BF4B-00C04F79EFBC}") = "MicroRabbit.Infra.Bus", "MicroRabbit.Infra.Bus\MicroRabbit.Infra.Bus.csproj", "{E398EC23-D367-46BC-8703-3F7246CF69E2}"
EndProject
Global
	GlobalSection(SolutionConfigurationPlatforms) = preSolution
		Debug|Any CPU = Debug|Any CPU
		Debug|x64 = Debug|x64
		Debug|x86 = Debug|x86
		Release|Any CPU = Release|Any CPU
		Release|x64 = Release|x64
		Release|x86 = Release|x86
	EndGlobalSection
	GlobalSection(SolutionProperties) = preSolution
		HideSolutionNode = FALSE
	EndGlobalSection
	GlobalSection(ProjectConfigurationPlatforms) = postSolution
		{1A9A7FC1-60C8-4059-8DD6-F9A59993CE89}.Debug|Any CPU.ActiveCfg = Debug|Any CPU
		{1A9A7FC1-60C8-4059-8DD6-F9A59993CE89}.Debug|Any CPU.Build.0 = Debug|Any CPU
		{1A9A7FC1-60C8-4059-8DD6-F9A59993CE89}.Debug|x64.ActiveCfg = Debug|Any CPU
		{1A9A7FC1-60C8-4059-8DD6-F9A59993CE89}.Debug|x64.Build.0 = Debug|Any CPU
		{1A9A7FC1-60C8-4059-8DD6-F9A59993CE89}.Debug|x86.ActiveCfg = Debug|Any CPU
		{1A9A7FC1-60C8-4059-8DD6-F9A59993CE89}.Debug|x86.Build.0 = Debug|Any CPU
		{1A9A7FC1-60C8-4059-8DD6-F9A59993CE89}.Release|Any CPU.ActiveCfg = Release|Any CPU
		{1A9A7FC1-60C8-4059-8DD6-F9A59993CE89}.Release|Any CPU.Build.0 = Release|Any CPU
		{1A9A7FC1-60C8-4059-8DD6-F9A59993CE89}.Release|x64.ActiveCfg = Release|Any CPU
		{1A9A7FC1-60C8-4059-8DD6-F9A59993CE89}.Release|x64.Build.0 = Release|Any CPU
		{1A9A7FC1-60C8-4059-8DD6-F9A59993CE89}.Release|x86.ActiveCfg = Release|Any CPU
		{1A9A7FC1-60C8-4059-8DD6-F9A59993CE89}.Release|x86.Build.0 = Release|Any CPU
		{E398EC23-D367-46BC-8703-3F7246CF69E2}.Debug|Any CPU.ActiveCfg = Debug|Any CPU
		{E398EC23-D367-46BC-8703-3F7246CF69E2}.Debug|Any CPU.Build.0 = Debug|Any CPU
		{E398EC23-D367-46BC-8703-3F7246CF69E2}.Debug|x64.ActiveCfg = Debug|Any CPU
		{E398EC23-D367-46BC-8703-3F7246CF69E2}.Debug|x64.Build.0 = Debug|Any CPU
		{E398EC23-D367-46BC-8703-3F7246CF69E2}.Debug|x86.ActiveCfg = Debug|Any CPU
		{E398EC23-D367-46BC-8703-3F7246CF69E2}.Debug|x86.Build.0 = Debug|Any CPU
		{E398EC23-D367-46BC-8703-3F7246CF69E2}.Release|Any CPU.ActiveCfg = Release|Any CPU
		{E398EC23-D367-46BC-8703-3F7246CF69E2}.Release|Any CPU.Build.0 = Release|Any CPU
		{E398EC23-D367-46BC-8703-3F7246CF69E2}.Release|x64.ActiveCfg = Release|Any CPU
		{E398EC23-D367-46BC-8703-3F7246CF69E2}.Release|x64.Build.0 = Release|Any CPU
		{E398EC23-D367-46BC-8703-3F7246CF69E2}.Release|x86.ActiveCfg = Release|Any CPU
		{E398EC23-D367-46BC-8703-3F7246CF69E2}.Release|x86.Build.0 = Release|Any CPU
	EndGlobalSection
	GlobalSection(NestedProjects) = preSolution
		{1A9A7FC1-60C8-4059-8DD6-F9A59993CE89} = {ED1FDC3B-C1A3-41A0-9D58-DADF0D7FA889}
		{E398EC23-D367-46BC-8703-3F7246CF69E2} = {8C8F57EF-D315-453C-84AF-E9E96601CF08}
	EndGlobalSection
EndGlobal
