
Microsoft Visual Studio Solution File, Format Version 12.00
# Visual Studio 15
VisualStudioVersion = 15.0.26124.0
MinimumVisualStudioVersion = 15.0.26124.0
Project("{2150E333-8FDC-42A3-9474-1A3956D46DE8}") = "Microservices", "Microservices", "{D2C50630-6ADE-45D7-AA47-03892AC7BF76}"
EndProject
Project("{2150E333-8FDC-42A3-9474-1A3956D46DE8}") = "Domain", "Domain", "{ED1FDC3B-C1A3-41A0-9D58-DADF0D7FA889}"
EndProject
Project("{2150E333-8FDC-42A3-9474-1A3956D46DE8}") = "Infra.Bus", "Infra.Bus", "{8C8F57EF-D315-453C-84AF-E9E96601CF08}"
EndProject
Project("{2150E333-8FDC-42A3-9474-1A3956D46DE8}") = "Infra.IoC", "Infra.IoC", "{5314404D-A1CB-4B01-8C6E-191658F6548F}"
EndProject
Project("{2150E333-8FDC-42A3-9474-1A3956D46DE8}") = "Presentation", "Presentation", "{4C6EB14D-3940-481A-8835-F46F5931AAFB}"
EndProject
Project("{FAE04EC0-301F-11D3-BF4B-00C04F79EFBC}") = "MicroRabbit.Domain.Core", "MicroRabbit.Domain.Core\MicroRabbit.Domain.Core.csproj", "{1A9A7FC1-60C8-4059-8DD6-F9A59993CE89}"
EndProject
Project("{FAE04EC0-301F-11D3-BF4B-00C04F79EFBC}") = "MicroRabbit.Infra.Bus", "MicroRabbit.Infra.Bus\MicroRabbit.Infra.Bus.csproj", "{E398EC23-D367-46BC-8703-3F7246CF69E2}"
EndProject
Project("{FAE04EC0-301F-11D3-BF4B-00C04F79EFBC}") = "MicroRabbit.Infra.IOC", "MicroRabbit.Infra.IOC\MicroRabbit.Infra.IOC.csproj", "{8021812E-126F-4045-8899-1E76920804EA}"
EndProject
Project("{2150E333-8FDC-42A3-9474-1A3956D46DE8}") = "Banking", "Banking", "{8A369876-0BBD-4AB3-A1C8-0D5801FC2A0B}"
EndProject
Project("{2150E333-8FDC-42A3-9474-1A3956D46DE8}") = "Api", "Api", "{9193C0A3-9C47-4603-96F3-7D78E05BBEE5}"
EndProject
Project("{2150E333-8FDC-42A3-9474-1A3956D46DE8}") = "Domain", "Domain", "{6BCD6E32-E009-41AF-A849-10A9995D0618}"
EndProject
Project("{2150E333-8FDC-42A3-9474-1A3956D46DE8}") = "Data", "Data", "{46C28E8F-413C-4CDB-92F7-D7DDBDADA8C7}"
EndProject
Project("{2150E333-8FDC-42A3-9474-1A3956D46DE8}") = "Application", "Application", "{B4B4AC3F-D673-48D6-BE1C-5D385AEDA638}"
EndProject
Project("{FAE04EC0-301F-11D3-BF4B-00C04F79EFBC}") = "MicroRabbit.Banking.Api", "MicroRabbit.Banking.Api\MicroRabbit.Banking.Api.csproj", "{AF8E8ADF-ECDA-4D83-B6E3-FF4E84387C7A}"
EndProject
Project("{FAE04EC0-301F-11D3-BF4B-00C04F79EFBC}") = "MicroRabbit.Banking.Application", "MicroRabbit.Banking.Application\MicroRabbit.Banking.Application.csproj", "{8A12723E-57C1-4DAA-86BA-B2A873F391DC}"
EndProject
Project("{FAE04EC0-301F-11D3-BF4B-00C04F79EFBC}") = "MicroRabbit.Banking.Data", "MicroRabbit.Banking.Data\MicroRabbit.Banking.Data.csproj", "{E5873ABC-11F8-40B0-AE72-57967BFCFB05}"
EndProject
Project("{FAE04EC0-301F-11D3-BF4B-00C04F79EFBC}") = "MicroRabbit.Banking.Domain", "MicroRabbit.Banking.Domain\MicroRabbit.Banking.Domain.csproj", "{EDDB4AB1-A5B6-409A-81EC-59BFDCD8EDB3}"
EndProject
Project("{2150E333-8FDC-42A3-9474-1A3956D46DE8}") = "Transfer", "Transfer", "{22C8362B-FD93-474B-AF30-683196727F2A}"
EndProject
Project("{2150E333-8FDC-42A3-9474-1A3956D46DE8}") = "Api", "Api", "{5DDC1CBC-F815-4F45-82F9-B4A16590E6E2}"
EndProject
Project("{2150E333-8FDC-42A3-9474-1A3956D46DE8}") = "Application", "Application", "{17ED2C6F-01F8-4F1F-8981-75D416901133}"
EndProject
Project("{2150E333-8FDC-42A3-9474-1A3956D46DE8}") = "Data", "Data", "{56BB2A19-8377-4455-A749-4FBE26151DFD}"
EndProject
Project("{2150E333-8FDC-42A3-9474-1A3956D46DE8}") = "Domain", "Domain", "{A23B6257-E4A3-4889-A6D9-921D40C485DF}"
EndProject
Project("{FAE04EC0-301F-11D3-BF4B-00C04F79EFBC}") = "MicroRabbit.Transfer.Api", "MicroRabbit.Transfer.Api\MicroRabbit.Transfer.Api.csproj", "{5CE28CDA-210F-4FD0-A501-706367BDAEC6}"
EndProject
Project("{FAE04EC0-301F-11D3-BF4B-00C04F79EFBC}") = "MicroRabbit.Transfer.Application", "MicroRabbit.Transfer.Application\MicroRabbit.Transfer.Application.csproj", "{9445A764-98EF-469A-8644-8F3C59529ECF}"
EndProject
Project("{FAE04EC0-301F-11D3-BF4B-00C04F79EFBC}") = "MicroRabbit.Transfer.Data", "MicroRabbit.Transfer.Data\MicroRabbit.Transfer.Data.csproj", "{6E8FB08E-9F86-4F06-BEFF-694C27E40A98}"
EndProject
Project("{FAE04EC0-301F-11D3-BF4B-00C04F79EFBC}") = "MicroRabbit.Transfer.Domain", "MicroRabbit.Transfer.Domain\MicroRabbit.Transfer.Domain.csproj", "{3394DFC8-B97F-4F54-ADC6-7C8980307171}"
EndProject
Global
	GlobalSection(SolutionConfigurationPlatforms) = preSolution
		Debug|Any CPU = Debug|Any CPU
		Debug|x64 = Debug|x64
		Debug|x86 = Debug|x86
		Release|Any CPU = Release|Any CPU
		Release|x64 = Release|x64
		Release|x86 = Release|x86
	EndGlobalSection
	GlobalSection(SolutionProperties) = preSolution
		HideSolutionNode = FALSE
	EndGlobalSection
	GlobalSection(ProjectConfigurationPlatforms) = postSolution
		{1A9A7FC1-60C8-4059-8DD6-F9A59993CE89}.Debug|Any CPU.ActiveCfg = Debug|Any CPU
		{1A9A7FC1-60C8-4059-8DD6-F9A59993CE89}.Debug|Any CPU.Build.0 = Debug|Any CPU
		{1A9A7FC1-60C8-4059-8DD6-F9A59993CE89}.Debug|x64.ActiveCfg = Debug|Any CPU
		{1A9A7FC1-60C8-4059-8DD6-F9A59993CE89}.Debug|x64.Build.0 = Debug|Any CPU
		{1A9A7FC1-60C8-4059-8DD6-F9A59993CE89}.Debug|x86.ActiveCfg = Debug|Any CPU
		{1A9A7FC1-60C8-4059-8DD6-F9A59993CE89}.Debug|x86.Build.0 = Debug|Any CPU
		{1A9A7FC1-60C8-4059-8DD6-F9A59993CE89}.Release|Any CPU.ActiveCfg = Release|Any CPU
		{1A9A7FC1-60C8-4059-8DD6-F9A59993CE89}.Release|Any CPU.Build.0 = Release|Any CPU
		{1A9A7FC1-60C8-4059-8DD6-F9A59993CE89}.Release|x64.ActiveCfg = Release|Any CPU
		{1A9A7FC1-60C8-4059-8DD6-F9A59993CE89}.Release|x64.Build.0 = Release|Any CPU
		{1A9A7FC1-60C8-4059-8DD6-F9A59993CE89}.Release|x86.ActiveCfg = Release|Any CPU
		{1A9A7FC1-60C8-4059-8DD6-F9A59993CE89}.Release|x86.Build.0 = Release|Any CPU
		{E398EC23-D367-46BC-8703-3F7246CF69E2}.Debug|Any CPU.ActiveCfg = Debug|Any CPU
		{E398EC23-D367-46BC-8703-3F7246CF69E2}.Debug|Any CPU.Build.0 = Debug|Any CPU
		{E398EC23-D367-46BC-8703-3F7246CF69E2}.Debug|x64.ActiveCfg = Debug|Any CPU
		{E398EC23-D367-46BC-8703-3F7246CF69E2}.Debug|x64.Build.0 = Debug|Any CPU
		{E398EC23-D367-46BC-8703-3F7246CF69E2}.Debug|x86.ActiveCfg = Debug|Any CPU
		{E398EC23-D367-46BC-8703-3F7246CF69E2}.Debug|x86.Build.0 = Debug|Any CPU
		{E398EC23-D367-46BC-8703-3F7246CF69E2}.Release|Any CPU.ActiveCfg = Release|Any CPU
		{E398EC23-D367-46BC-8703-3F7246CF69E2}.Release|Any CPU.Build.0 = Release|Any CPU
		{E398EC23-D367-46BC-8703-3F7246CF69E2}.Release|x64.ActiveCfg = Release|Any CPU
		{E398EC23-D367-46BC-8703-3F7246CF69E2}.Release|x64.Build.0 = Release|Any CPU
		{E398EC23-D367-46BC-8703-3F7246CF69E2}.Release|x86.ActiveCfg = Release|Any CPU
		{E398EC23-D367-46BC-8703-3F7246CF69E2}.Release|x86.Build.0 = Release|Any CPU
		{8021812E-126F-4045-8899-1E76920804EA}.Debug|Any CPU.ActiveCfg = Debug|Any CPU
		{8021812E-126F-4045-8899-1E76920804EA}.Debug|Any CPU.Build.0 = Debug|Any CPU
		{8021812E-126F-4045-8899-1E76920804EA}.Debug|x64.ActiveCfg = Debug|Any CPU
		{8021812E-126F-4045-8899-1E76920804EA}.Debug|x64.Build.0 = Debug|Any CPU
		{8021812E-126F-4045-8899-1E76920804EA}.Debug|x86.ActiveCfg = Debug|Any CPU
		{8021812E-126F-4045-8899-1E76920804EA}.Debug|x86.Build.0 = Debug|Any CPU
		{8021812E-126F-4045-8899-1E76920804EA}.Release|Any CPU.ActiveCfg = Release|Any CPU
		{8021812E-126F-4045-8899-1E76920804EA}.Release|Any CPU.Build.0 = Release|Any CPU
		{8021812E-126F-4045-8899-1E76920804EA}.Release|x64.ActiveCfg = Release|Any CPU
		{8021812E-126F-4045-8899-1E76920804EA}.Release|x64.Build.0 = Release|Any CPU
		{8021812E-126F-4045-8899-1E76920804EA}.Release|x86.ActiveCfg = Release|Any CPU
		{8021812E-126F-4045-8899-1E76920804EA}.Release|x86.Build.0 = Release|Any CPU
		{AF8E8ADF-ECDA-4D83-B6E3-FF4E84387C7A}.Debug|Any CPU.ActiveCfg = Debug|Any CPU
		{AF8E8ADF-ECDA-4D83-B6E3-FF4E84387C7A}.Debug|Any CPU.Build.0 = Debug|Any CPU
		{AF8E8ADF-ECDA-4D83-B6E3-FF4E84387C7A}.Debug|x64.ActiveCfg = Debug|Any CPU
		{AF8E8ADF-ECDA-4D83-B6E3-FF4E84387C7A}.Debug|x64.Build.0 = Debug|Any CPU
		{AF8E8ADF-ECDA-4D83-B6E3-FF4E84387C7A}.Debug|x86.ActiveCfg = Debug|Any CPU
		{AF8E8ADF-ECDA-4D83-B6E3-FF4E84387C7A}.Debug|x86.Build.0 = Debug|Any CPU
		{AF8E8ADF-ECDA-4D83-B6E3-FF4E84387C7A}.Release|Any CPU.ActiveCfg = Release|Any CPU
		{AF8E8ADF-ECDA-4D83-B6E3-FF4E84387C7A}.Release|Any CPU.Build.0 = Release|Any CPU
		{AF8E8ADF-ECDA-4D83-B6E3-FF4E84387C7A}.Release|x64.ActiveCfg = Release|Any CPU
		{AF8E8ADF-ECDA-4D83-B6E3-FF4E84387C7A}.Release|x64.Build.0 = Release|Any CPU
		{AF8E8ADF-ECDA-4D83-B6E3-FF4E84387C7A}.Release|x86.ActiveCfg = Release|Any CPU
		{AF8E8ADF-ECDA-4D83-B6E3-FF4E84387C7A}.Release|x86.Build.0 = Release|Any CPU
		{8A12723E-57C1-4DAA-86BA-B2A873F391DC}.Debug|Any CPU.ActiveCfg = Debug|Any CPU
		{8A12723E-57C1-4DAA-86BA-B2A873F391DC}.Debug|Any CPU.Build.0 = Debug|Any CPU
		{8A12723E-57C1-4DAA-86BA-B2A873F391DC}.Debug|x64.ActiveCfg = Debug|Any CPU
		{8A12723E-57C1-4DAA-86BA-B2A873F391DC}.Debug|x64.Build.0 = Debug|Any CPU
		{8A12723E-57C1-4DAA-86BA-B2A873F391DC}.Debug|x86.ActiveCfg = Debug|Any CPU
		{8A12723E-57C1-4DAA-86BA-B2A873F391DC}.Debug|x86.Build.0 = Debug|Any CPU
		{8A12723E-57C1-4DAA-86BA-B2A873F391DC}.Release|Any CPU.ActiveCfg = Release|Any CPU
		{8A12723E-57C1-4DAA-86BA-B2A873F391DC}.Release|Any CPU.Build.0 = Release|Any CPU
		{8A12723E-57C1-4DAA-86BA-B2A873F391DC}.Release|x64.ActiveCfg = Release|Any CPU
		{8A12723E-57C1-4DAA-86BA-B2A873F391DC}.Release|x64.Build.0 = Release|Any CPU
		{8A12723E-57C1-4DAA-86BA-B2A873F391DC}.Release|x86.ActiveCfg = Release|Any CPU
		{8A12723E-57C1-4DAA-86BA-B2A873F391DC}.Release|x86.Build.0 = Release|Any CPU
		{E5873ABC-11F8-40B0-AE72-57967BFCFB05}.Debug|Any CPU.ActiveCfg = Debug|Any CPU
		{E5873ABC-11F8-40B0-AE72-57967BFCFB05}.Debug|Any CPU.Build.0 = Debug|Any CPU
		{E5873ABC-11F8-40B0-AE72-57967BFCFB05}.Debug|x64.ActiveCfg = Debug|Any CPU
		{E5873ABC-11F8-40B0-AE72-57967BFCFB05}.Debug|x64.Build.0 = Debug|Any CPU
		{E5873ABC-11F8-40B0-AE72-57967BFCFB05}.Debug|x86.ActiveCfg = Debug|Any CPU
		{E5873ABC-11F8-40B0-AE72-57967BFCFB05}.Debug|x86.Build.0 = Debug|Any CPU
		{E5873ABC-11F8-40B0-AE72-57967BFCFB05}.Release|Any CPU.ActiveCfg = Release|Any CPU
		{E5873ABC-11F8-40B0-AE72-57967BFCFB05}.Release|Any CPU.Build.0 = Release|Any CPU
		{E5873ABC-11F8-40B0-AE72-57967BFCFB05}.Release|x64.ActiveCfg = Release|Any CPU
		{E5873ABC-11F8-40B0-AE72-57967BFCFB05}.Release|x64.Build.0 = Release|Any CPU
		{E5873ABC-11F8-40B0-AE72-57967BFCFB05}.Release|x86.ActiveCfg = Release|Any CPU
		{E5873ABC-11F8-40B0-AE72-57967BFCFB05}.Release|x86.Build.0 = Release|Any CPU
		{EDDB4AB1-A5B6-409A-81EC-59BFDCD8EDB3}.Debug|Any CPU.ActiveCfg = Debug|Any CPU
		{EDDB4AB1-A5B6-409A-81EC-59BFDCD8EDB3}.Debug|Any CPU.Build.0 = Debug|Any CPU
		{EDDB4AB1-A5B6-409A-81EC-59BFDCD8EDB3}.Debug|x64.ActiveCfg = Debug|Any CPU
		{EDDB4AB1-A5B6-409A-81EC-59BFDCD8EDB3}.Debug|x64.Build.0 = Debug|Any CPU
		{EDDB4AB1-A5B6-409A-81EC-59BFDCD8EDB3}.Debug|x86.ActiveCfg = Debug|Any CPU
		{EDDB4AB1-A5B6-409A-81EC-59BFDCD8EDB3}.Debug|x86.Build.0 = Debug|Any CPU
		{EDDB4AB1-A5B6-409A-81EC-59BFDCD8EDB3}.Release|Any CPU.ActiveCfg = Release|Any CPU
		{EDDB4AB1-A5B6-409A-81EC-59BFDCD8EDB3}.Release|Any CPU.Build.0 = Release|Any CPU
		{EDDB4AB1-A5B6-409A-81EC-59BFDCD8EDB3}.Release|x64.ActiveCfg = Release|Any CPU
		{EDDB4AB1-A5B6-409A-81EC-59BFDCD8EDB3}.Release|x64.Build.0 = Release|Any CPU
		{EDDB4AB1-A5B6-409A-81EC-59BFDCD8EDB3}.Release|x86.ActiveCfg = Release|Any CPU
		{EDDB4AB1-A5B6-409A-81EC-59BFDCD8EDB3}.Release|x86.Build.0 = Release|Any CPU
		{5CE28CDA-210F-4FD0-A501-706367BDAEC6}.Debug|Any CPU.ActiveCfg = Debug|Any CPU
		{5CE28CDA-210F-4FD0-A501-706367BDAEC6}.Debug|Any CPU.Build.0 = Debug|Any CPU
		{5CE28CDA-210F-4FD0-A501-706367BDAEC6}.Debug|x64.ActiveCfg = Debug|Any CPU
		{5CE28CDA-210F-4FD0-A501-706367BDAEC6}.Debug|x64.Build.0 = Debug|Any CPU
		{5CE28CDA-210F-4FD0-A501-706367BDAEC6}.Debug|x86.ActiveCfg = Debug|Any CPU
		{5CE28CDA-210F-4FD0-A501-706367BDAEC6}.Debug|x86.Build.0 = Debug|Any CPU
		{5CE28CDA-210F-4FD0-A501-706367BDAEC6}.Release|Any CPU.ActiveCfg = Release|Any CPU
		{5CE28CDA-210F-4FD0-A501-706367BDAEC6}.Release|Any CPU.Build.0 = Release|Any CPU
		{5CE28CDA-210F-4FD0-A501-706367BDAEC6}.Release|x64.ActiveCfg = Release|Any CPU
		{5CE28CDA-210F-4FD0-A501-706367BDAEC6}.Release|x64.Build.0 = Release|Any CPU
		{5CE28CDA-210F-4FD0-A501-706367BDAEC6}.Release|x86.ActiveCfg = Release|Any CPU
		{5CE28CDA-210F-4FD0-A501-706367BDAEC6}.Release|x86.Build.0 = Release|Any CPU
		{9445A764-98EF-469A-8644-8F3C59529ECF}.Debug|Any CPU.ActiveCfg = Debug|Any CPU
		{9445A764-98EF-469A-8644-8F3C59529ECF}.Debug|Any CPU.Build.0 = Debug|Any CPU
		{9445A764-98EF-469A-8644-8F3C59529ECF}.Debug|x64.ActiveCfg = Debug|Any CPU
		{9445A764-98EF-469A-8644-8F3C59529ECF}.Debug|x64.Build.0 = Debug|Any CPU
		{9445A764-98EF-469A-8644-8F3C59529ECF}.Debug|x86.ActiveCfg = Debug|Any CPU
		{9445A764-98EF-469A-8644-8F3C59529ECF}.Debug|x86.Build.0 = Debug|Any CPU
		{9445A764-98EF-469A-8644-8F3C59529ECF}.Release|Any CPU.ActiveCfg = Release|Any CPU
		{9445A764-98EF-469A-8644-8F3C59529ECF}.Release|Any CPU.Build.0 = Release|Any CPU
		{9445A764-98EF-469A-8644-8F3C59529ECF}.Release|x64.ActiveCfg = Release|Any CPU
		{9445A764-98EF-469A-8644-8F3C59529ECF}.Release|x64.Build.0 = Release|Any CPU
		{9445A764-98EF-469A-8644-8F3C59529ECF}.Release|x86.ActiveCfg = Release|Any CPU
		{9445A764-98EF-469A-8644-8F3C59529ECF}.Release|x86.Build.0 = Release|Any CPU
		{6E8FB08E-9F86-4F06-BEFF-694C27E40A98}.Debug|Any CPU.ActiveCfg = Debug|Any CPU
		{6E8FB08E-9F86-4F06-BEFF-694C27E40A98}.Debug|Any CPU.Build.0 = Debug|Any CPU
		{6E8FB08E-9F86-4F06-BEFF-694C27E40A98}.Debug|x64.ActiveCfg = Debug|Any CPU
		{6E8FB08E-9F86-4F06-BEFF-694C27E40A98}.Debug|x64.Build.0 = Debug|Any CPU
		{6E8FB08E-9F86-4F06-BEFF-694C27E40A98}.Debug|x86.ActiveCfg = Debug|Any CPU
		{6E8FB08E-9F86-4F06-BEFF-694C27E40A98}.Debug|x86.Build.0 = Debug|Any CPU
		{6E8FB08E-9F86-4F06-BEFF-694C27E40A98}.Release|Any CPU.ActiveCfg = Release|Any CPU
		{6E8FB08E-9F86-4F06-BEFF-694C27E40A98}.Release|Any CPU.Build.0 = Release|Any CPU
		{6E8FB08E-9F86-4F06-BEFF-694C27E40A98}.Release|x64.ActiveCfg = Release|Any CPU
		{6E8FB08E-9F86-4F06-BEFF-694C27E40A98}.Release|x64.Build.0 = Release|Any CPU
		{6E8FB08E-9F86-4F06-BEFF-694C27E40A98}.Release|x86.ActiveCfg = Release|Any CPU
		{6E8FB08E-9F86-4F06-BEFF-694C27E40A98}.Release|x86.Build.0 = Release|Any CPU
		{3394DFC8-B97F-4F54-ADC6-7C8980307171}.Debug|Any CPU.ActiveCfg = Debug|Any CPU
		{3394DFC8-B97F-4F54-ADC6-7C8980307171}.Debug|Any CPU.Build.0 = Debug|Any CPU
		{3394DFC8-B97F-4F54-ADC6-7C8980307171}.Debug|x64.ActiveCfg = Debug|Any CPU
		{3394DFC8-B97F-4F54-ADC6-7C8980307171}.Debug|x64.Build.0 = Debug|Any CPU
		{3394DFC8-B97F-4F54-ADC6-7C8980307171}.Debug|x86.ActiveCfg = Debug|Any CPU
		{3394DFC8-B97F-4F54-ADC6-7C8980307171}.Debug|x86.Build.0 = Debug|Any CPU
		{3394DFC8-B97F-4F54-ADC6-7C8980307171}.Release|Any CPU.ActiveCfg = Release|Any CPU
		{3394DFC8-B97F-4F54-ADC6-7C8980307171}.Release|Any CPU.Build.0 = Release|Any CPU
		{3394DFC8-B97F-4F54-ADC6-7C8980307171}.Release|x64.ActiveCfg = Release|Any CPU
		{3394DFC8-B97F-4F54-ADC6-7C8980307171}.Release|x64.Build.0 = Release|Any CPU
		{3394DFC8-B97F-4F54-ADC6-7C8980307171}.Release|x86.ActiveCfg = Release|Any CPU
		{3394DFC8-B97F-4F54-ADC6-7C8980307171}.Release|x86.Build.0 = Release|Any CPU
	EndGlobalSection
	GlobalSection(NestedProjects) = preSolution
		{1A9A7FC1-60C8-4059-8DD6-F9A59993CE89} = {ED1FDC3B-C1A3-41A0-9D58-DADF0D7FA889}
		{E398EC23-D367-46BC-8703-3F7246CF69E2} = {8C8F57EF-D315-453C-84AF-E9E96601CF08}
		{8021812E-126F-4045-8899-1E76920804EA} = {5314404D-A1CB-4B01-8C6E-191658F6548F}
		{8A369876-0BBD-4AB3-A1C8-0D5801FC2A0B} = {D2C50630-6ADE-45D7-AA47-03892AC7BF76}
		{9193C0A3-9C47-4603-96F3-7D78E05BBEE5} = {8A369876-0BBD-4AB3-A1C8-0D5801FC2A0B}
		{6BCD6E32-E009-41AF-A849-10A9995D0618} = {8A369876-0BBD-4AB3-A1C8-0D5801FC2A0B}
		{46C28E8F-413C-4CDB-92F7-D7DDBDADA8C7} = {8A369876-0BBD-4AB3-A1C8-0D5801FC2A0B}
		{B4B4AC3F-D673-48D6-BE1C-5D385AEDA638} = {8A369876-0BBD-4AB3-A1C8-0D5801FC2A0B}
		{AF8E8ADF-ECDA-4D83-B6E3-FF4E84387C7A} = {9193C0A3-9C47-4603-96F3-7D78E05BBEE5}
		{8A12723E-57C1-4DAA-86BA-B2A873F391DC} = {B4B4AC3F-D673-48D6-BE1C-5D385AEDA638}
		{E5873ABC-11F8-40B0-AE72-57967BFCFB05} = {46C28E8F-413C-4CDB-92F7-D7DDBDADA8C7}
		{EDDB4AB1-A5B6-409A-81EC-59BFDCD8EDB3} = {6BCD6E32-E009-41AF-A849-10A9995D0618}
		{22C8362B-FD93-474B-AF30-683196727F2A} = {D2C50630-6ADE-45D7-AA47-03892AC7BF76}
		{5DDC1CBC-F815-4F45-82F9-B4A16590E6E2} = {22C8362B-FD93-474B-AF30-683196727F2A}
		{17ED2C6F-01F8-4F1F-8981-75D416901133} = {22C8362B-FD93-474B-AF30-683196727F2A}
		{56BB2A19-8377-4455-A749-4FBE26151DFD} = {22C8362B-FD93-474B-AF30-683196727F2A}
		{A23B6257-E4A3-4889-A6D9-921D40C485DF} = {22C8362B-FD93-474B-AF30-683196727F2A}
		{5CE28CDA-210F-4FD0-A501-706367BDAEC6} = {5DDC1CBC-F815-4F45-82F9-B4A16590E6E2}
		{9445A764-98EF-469A-8644-8F3C59529ECF} = {17ED2C6F-01F8-4F1F-8981-75D416901133}
		{6E8FB08E-9F86-4F06-BEFF-694C27E40A98} = {56BB2A19-8377-4455-A749-4FBE26151DFD}
		{3394DFC8-B97F-4F54-ADC6-7C8980307171} = {A23B6257-E4A3-4889-A6D9-921D40C485DF}
	EndGlobalSection
EndGlobal
